
Microsoft Visual Studio Solution File, Format Version 12.00
# Visual Studio Version 16
VisualStudioVersion = 16.0.30001.183
MinimumVisualStudioVersion = 10.0.40219.1
Project("{9A19103F-16F7-4668-BE54-9A1E7A4F7556}") = "MockApiBuilder.SqLite", "src\MockApiBuilder.SqLite\MockApiBuilder.SqLite.csproj", "{AD8B9868-688D-4A90-993C-3432DE2FB9F5}"
EndProject
Global
	GlobalSection(SolutionConfigurationPlatforms) = preSolution
		Debug|Any CPU = Debug|Any CPU
		Release|Any CPU = Release|Any CPU
	EndGlobalSection
	GlobalSection(ProjectConfigurationPlatforms) = postSolution
		{AD8B9868-688D-4A90-993C-3432DE2FB9F5}.Debug|Any CPU.ActiveCfg = Debug|Any CPU
		{AD8B9868-688D-4A90-993C-3432DE2FB9F5}.Debug|Any CPU.Build.0 = Debug|Any CPU
		{AD8B9868-688D-4A90-993C-3432DE2FB9F5}.Release|Any CPU.ActiveCfg = Release|Any CPU
		{AD8B9868-688D-4A90-993C-3432DE2FB9F5}.Release|Any CPU.Build.0 = Release|Any CPU
	EndGlobalSection
	GlobalSection(SolutionProperties) = preSolution
		HideSolutionNode = FALSE
	EndGlobalSection
	GlobalSection(ExtensibilityGlobals) = postSolution
		SolutionGuid = {00E159BE-4FA2-4549-B427-2E0BA409B8CA}
	EndGlobalSection
EndGlobal
